
Microsoft Visual Studio Solution File, Format Version 12.00
Project("{FAE04EC0-301F-11D3-BF4B-00C04F79EFBC}") = "HttpEcho.Web", "HttpEcho.Web\HttpEcho.Web.csproj", "{A5543ADF-6436-4228-8F05-FEF468FF1FD6}"
EndProject
Global
	GlobalSection(SolutionConfigurationPlatforms) = preSolution
		Debug|Any CPU = Debug|Any CPU
		Release|Any CPU = Release|Any CPU
	EndGlobalSection
	GlobalSection(ProjectConfigurationPlatforms) = postSolution
		{A5543ADF-6436-4228-8F05-FEF468FF1FD6}.Debug|Any CPU.ActiveCfg = Debug|Any CPU
		{A5543ADF-6436-4228-8F05-FEF468FF1FD6}.Debug|Any CPU.Build.0 = Debug|Any CPU
		{A5543ADF-6436-4228-8F05-FEF468FF1FD6}.Release|Any CPU.ActiveCfg = Release|Any CPU
		{A5543ADF-6436-4228-8F05-FEF468FF1FD6}.Release|Any CPU.Build.0 = Release|Any CPU
	EndGlobalSection
EndGlobal
